{
  "name": "turquoisenewengineers",
  "version": "1.0.0",
  "lockfileVersion": 3,
  "requires": true,
  "packages": {
    "": {
      "name": "turquoisenewengineers",
      "version": "1.0.0",
      "license": "ISC",
      "dependencies": {
        "@types/node": "^18.16.0"
      }
    },
    "node_modules/@types/node": {
      "version": "18.16.14",
      "resolved": "https://registry.npmjs.org/@types/node/-/node-18.16.14.tgz",
      "integrity": "sha512-+ImzUB3mw2c5ISJUq0punjDilUQ5GnUim0ZRvchHIWJmOC0G+p0kzhXBqj6cDjK0QdPFwzrHWgrJp3RPvCG5qg=="
    }
  }
}
